
Microsoft Visual Studio Solution File, Format Version 12.00
# Visual Studio Version 16
VisualStudioVersion = 16.0.29009.5
MinimumVisualStudioVersion = 10.0.40219.1
Project("{FAE04EC0-301F-11D3-BF4B-00C04F79EFBC}") = "MobileNativeApp", "MobileNativeApp\MobileNativeApp\MobileNativeApp.csproj", "{0876A29E-8F44-4451-BAAD-9338952F135B}"
EndProject
Project("{FAE04EC0-301F-11D3-BF4B-00C04F79EFBC}") = "MobileNativeApp.Android", "MobileNativeApp\MobileNativeApp.Android\MobileNativeApp.Android.csproj", "{62ADC8D3-D604-48C3-A4E8-EC27ADBEB9A4}"
EndProject
Project("{FAE04EC0-301F-11D3-BF4B-00C04F79EFBC}") = "MobileNativeApp.iOS", "MobileNativeApp\MobileNativeApp.iOS\MobileNativeApp.iOS.csproj", "{546AB8DE-7DBD-4075-B6E1-F6777E4AB179}"
EndProject
Global
	GlobalSection(SolutionConfigurationPlatforms) = preSolution
		Debug|Any CPU = Debug|Any CPU
		Debug|iPhone = Debug|iPhone
		Debug|iPhoneSimulator = Debug|iPhoneSimulator
		Release|Any CPU = Release|Any CPU
		Release|iPhone = Release|iPhone
		Release|iPhoneSimulator = Release|iPhoneSimulator
	EndGlobalSection
	GlobalSection(ProjectConfigurationPlatforms) = postSolution
		{0876A29E-8F44-4451-BAAD-9338952F135B}.Debug|Any CPU.ActiveCfg = Debug|Any CPU
		{0876A29E-8F44-4451-BAAD-9338952F135B}.Debug|Any CPU.Build.0 = Debug|Any CPU
		{0876A29E-8F44-4451-BAAD-9338952F135B}.Debug|iPhone.ActiveCfg = Debug|Any CPU
		{0876A29E-8F44-4451-BAAD-9338952F135B}.Debug|iPhone.Build.0 = Debug|Any CPU
		{0876A29E-8F44-4451-BAAD-9338952F135B}.Debug|iPhoneSimulator.ActiveCfg = Debug|Any CPU
		{0876A29E-8F44-4451-BAAD-9338952F135B}.Debug|iPhoneSimulator.Build.0 = Debug|Any CPU
		{0876A29E-8F44-4451-BAAD-9338952F135B}.Release|Any CPU.ActiveCfg = Release|Any CPU
		{0876A29E-8F44-4451-BAAD-9338952F135B}.Release|Any CPU.Build.0 = Release|Any CPU
		{0876A29E-8F44-4451-BAAD-9338952F135B}.Release|iPhone.ActiveCfg = Release|Any CPU
		{0876A29E-8F44-4451-BAAD-9338952F135B}.Release|iPhone.Build.0 = Release|Any CPU
		{0876A29E-8F44-4451-BAAD-9338952F135B}.Release|iPhoneSimulator.ActiveCfg = Release|Any CPU
		{0876A29E-8F44-4451-BAAD-9338952F135B}.Release|iPhoneSimulator.Build.0 = Release|Any CPU
		{62ADC8D3-D604-48C3-A4E8-EC27ADBEB9A4}.Debug|Any CPU.ActiveCfg = Debug|Any CPU
		{62ADC8D3-D604-48C3-A4E8-EC27ADBEB9A4}.Debug|Any CPU.Build.0 = Debug|Any CPU
		{62ADC8D3-D604-48C3-A4E8-EC27ADBEB9A4}.Debug|Any CPU.Deploy.0 = Debug|Any CPU
		{62ADC8D3-D604-48C3-A4E8-EC27ADBEB9A4}.Debug|iPhone.ActiveCfg = Debug|Any CPU
		{62ADC8D3-D604-48C3-A4E8-EC27ADBEB9A4}.Debug|iPhone.Build.0 = Debug|Any CPU
		{62ADC8D3-D604-48C3-A4E8-EC27ADBEB9A4}.Debug|iPhone.Deploy.0 = Debug|Any CPU
		{62ADC8D3-D604-48C3-A4E8-EC27ADBEB9A4}.Debug|iPhoneSimulator.ActiveCfg = Debug|Any CPU
		{62ADC8D3-D604-48C3-A4E8-EC27ADBEB9A4}.Debug|iPhoneSimulator.Build.0 = Debug|Any CPU
		{62ADC8D3-D604-48C3-A4E8-EC27ADBEB9A4}.Debug|iPhoneSimulator.Deploy.0 = Debug|Any CPU
		{62ADC8D3-D604-48C3-A4E8-EC27ADBEB9A4}.Release|Any CPU.ActiveCfg = Release|Any CPU
		{62ADC8D3-D604-48C3-A4E8-EC27ADBEB9A4}.Release|Any CPU.Build.0 = Release|Any CPU
		{62ADC8D3-D604-48C3-A4E8-EC27ADBEB9A4}.Release|Any CPU.Deploy.0 = Release|Any CPU
		{62ADC8D3-D604-48C3-A4E8-EC27ADBEB9A4}.Release|iPhone.ActiveCfg = Release|Any CPU
		{62ADC8D3-D604-48C3-A4E8-EC27ADBEB9A4}.Release|iPhone.Build.0 = Release|Any CPU
		{62ADC8D3-D604-48C3-A4E8-EC27ADBEB9A4}.Release|iPhone.Deploy.0 = Release|Any CPU
		{62ADC8D3-D604-48C3-A4E8-EC27ADBEB9A4}.Release|iPhoneSimulator.ActiveCfg = Release|Any CPU
		{62ADC8D3-D604-48C3-A4E8-EC27ADBEB9A4}.Release|iPhoneSimulator.Build.0 = Release|Any CPU
		{62ADC8D3-D604-48C3-A4E8-EC27ADBEB9A4}.Release|iPhoneSimulator.Deploy.0 = Release|Any CPU
		{546AB8DE-7DBD-4075-B6E1-F6777E4AB179}.Debug|Any CPU.ActiveCfg = Debug|iPhone
		{546AB8DE-7DBD-4075-B6E1-F6777E4AB179}.Debug|iPhone.ActiveCfg = Debug|iPhone
		{546AB8DE-7DBD-4075-B6E1-F6777E4AB179}.Debug|iPhone.Build.0 = Debug|iPhone
		{546AB8DE-7DBD-4075-B6E1-F6777E4AB179}.Debug|iPhoneSimulator.ActiveCfg = Debug|iPhoneSimulator
		{546AB8DE-7DBD-4075-B6E1-F6777E4AB179}.Debug|iPhoneSimulator.Build.0 = Debug|iPhoneSimulator
		{546AB8DE-7DBD-4075-B6E1-F6777E4AB179}.Release|Any CPU.ActiveCfg = Release|iPhone
		{546AB8DE-7DBD-4075-B6E1-F6777E4AB179}.Release|iPhone.ActiveCfg = Release|iPhone
		{546AB8DE-7DBD-4075-B6E1-F6777E4AB179}.Release|iPhone.Build.0 = Release|iPhone
		{546AB8DE-7DBD-4075-B6E1-F6777E4AB179}.Release|iPhoneSimulator.ActiveCfg = Release|iPhoneSimulator
		{546AB8DE-7DBD-4075-B6E1-F6777E4AB179}.Release|iPhoneSimulator.Build.0 = Release|iPhoneSimulator
	EndGlobalSection
	GlobalSection(SolutionProperties) = preSolution
		HideSolutionNode = FALSE
	EndGlobalSection
	GlobalSection(ExtensibilityGlobals) = postSolution
		SolutionGuid = {0F99A58E-1622-423E-90B1-AC0D6057AA2C}
	EndGlobalSection
EndGlobal
